
Microsoft Visual Studio Solution File, Format Version 12.00
# Visual Studio Version 17
VisualStudioVersion = 17.7.34221.43
MinimumVisualStudioVersion = 10.0.40219.1
Project("{FAE04EC0-301F-11D3-BF4B-00C04F79EFBC}") = "Labb2Threads", "Labb2Threads\Labb2Threads.csproj", "{D6762B58-D73F-4F83-BAB4-2C4D84F8ECB4}"
EndProject
Global
	GlobalSection(SolutionConfigurationPlatforms) = preSolution
		Debug|Any CPU = Debug|Any CPU
		Release|Any CPU = Release|Any CPU
	EndGlobalSection
	GlobalSection(ProjectConfigurationPlatforms) = postSolution
		{D6762B58-D73F-4F83-BAB4-2C4D84F8ECB4}.Debug|Any CPU.ActiveCfg = Debug|Any CPU
		{D6762B58-D73F-4F83-BAB4-2C4D84F8ECB4}.Debug|Any CPU.Build.0 = Debug|Any CPU
		{D6762B58-D73F-4F83-BAB4-2C4D84F8ECB4}.Release|Any CPU.ActiveCfg = Release|Any CPU
		{D6762B58-D73F-4F83-BAB4-2C4D84F8ECB4}.Release|Any CPU.Build.0 = Release|Any CPU
	EndGlobalSection
	GlobalSection(SolutionProperties) = preSolution
		HideSolutionNode = FALSE
	EndGlobalSection
	GlobalSection(ExtensibilityGlobals) = postSolution
		SolutionGuid = {4DB48492-9CB7-44B5-ADF6-23008CC76FF4}
	EndGlobalSection
EndGlobal
